
Microsoft Visual Studio Solution File, Format Version 12.00
# Visual Studio Version 17
VisualStudioVersion = 17.0.32112.339
MinimumVisualStudioVersion = 10.0.40219.1
Project("{9A19103F-16F7-4668-BE54-9A1E7A4F7556}") = "FrankenDrift.Runner", "FrankenDrift.Runner\FrankenDrift.Runner\FrankenDrift.Runner.csproj", "{664D6959-AD68-4E3C-910A-465359E86DC2}"
	ProjectSection(ProjectDependencies) = postProject
		{6AEA978B-9B07-4743-92D8-3A10C9726DCD} = {6AEA978B-9B07-4743-92D8-3A10C9726DCD}
		{B95593A2-9D66-4536-9251-AF8628A4D61C} = {B95593A2-9D66-4536-9251-AF8628A4D61C}
	EndProjectSection
EndProject
Project("{9A19103F-16F7-4668-BE54-9A1E7A4F7556}") = "FrankenDrift.Runner.Gtk", "FrankenDrift.Runner\FrankenDrift.Runner.Gtk\FrankenDrift.Runner.Gtk.csproj", "{B4B95229-5D0D-4128-9EFA-D7D689BE846C}"
EndProject
Project("{9A19103F-16F7-4668-BE54-9A1E7A4F7556}") = "FrankenDrift.Runner.Mac", "FrankenDrift.Runner\FrankenDrift.Runner.Mac\FrankenDrift.Runner.Mac.csproj", "{87144D48-3FAD-4A8C-A6B2-318707A4E9D9}"
EndProject
Project("{9A19103F-16F7-4668-BE54-9A1E7A4F7556}") = "FrankenDrift.Runner.Win", "FrankenDrift.Runner\FrankenDrift.Runner.Win\FrankenDrift.Runner.Win.csproj", "{6C03F4FD-18A2-4C8E-A860-8A3C06BA86D7}"
EndProject
Project("{778DAE3C-4631-46EA-AA77-85C1314464D9}") = "FrankenDrift.Adrift", "FrankenDrift.Adrift\FrankenDrift.Adrift.vbproj", "{6AEA978B-9B07-4743-92D8-3A10C9726DCD}"
EndProject
Project("{9A19103F-16F7-4668-BE54-9A1E7A4F7556}") = "FrankenDrift.Glue", "FrankenDrift.Glue\FrankenDrift.Glue.csproj", "{B95593A2-9D66-4536-9251-AF8628A4D61C}"
EndProject
Project("{9A19103F-16F7-4668-BE54-9A1E7A4F7556}") = "FrankenDrift.GlkRunner", "FrankenDrift.GlkRunner\FrankenDrift.GlkRunner\FrankenDrift.GlkRunner.csproj", "{7D86D825-06D8-4205-B6B1-B91AC80DA98F}"
EndProject
Project("{9A19103F-16F7-4668-BE54-9A1E7A4F7556}") = "FrankenDrift.GlkRunner.Gargoyle", "FrankenDrift.GlkRunner\FrankenDrift.GlkRunner.Gargoyle\FrankenDrift.GlkRunner.Gargoyle.csproj", "{E48AC6FC-AB8A-409F-AF78-B4260259ED0C}"
	ProjectSection(ProjectDependencies) = postProject
		{7D86D825-06D8-4205-B6B1-B91AC80DA98F} = {7D86D825-06D8-4205-B6B1-B91AC80DA98F}
	EndProjectSection
EndProject
Project("{FAE04EC0-301F-11D3-BF4B-00C04F79EFBC}") = "FrankenDrift.GlkRunner.WinGlk", "FrankenDrift.GlkRunner\FrankenDrift.GlkRunner.WinGlk\FrankenDrift.GlkRunner.WinGlk.csproj", "{33B72C00-DCCD-44C4-84CD-FA68FF078C61}"
	ProjectSection(ProjectDependencies) = postProject
		{7D86D825-06D8-4205-B6B1-B91AC80DA98F} = {7D86D825-06D8-4205-B6B1-B91AC80DA98F}
	EndProjectSection
EndProject
Global
	GlobalSection(SolutionConfigurationPlatforms) = preSolution
		Debug|Any CPU = Debug|Any CPU
		Release|Any CPU = Release|Any CPU
	EndGlobalSection
	GlobalSection(ProjectConfigurationPlatforms) = postSolution
		{664D6959-AD68-4E3C-910A-465359E86DC2}.Debug|Any CPU.ActiveCfg = Debug|Any CPU
		{664D6959-AD68-4E3C-910A-465359E86DC2}.Debug|Any CPU.Build.0 = Debug|Any CPU
		{664D6959-AD68-4E3C-910A-465359E86DC2}.Release|Any CPU.ActiveCfg = Release|Any CPU
		{664D6959-AD68-4E3C-910A-465359E86DC2}.Release|Any CPU.Build.0 = Release|Any CPU
		{B4B95229-5D0D-4128-9EFA-D7D689BE846C}.Debug|Any CPU.ActiveCfg = Debug|Any CPU
		{B4B95229-5D0D-4128-9EFA-D7D689BE846C}.Debug|Any CPU.Build.0 = Debug|Any CPU
		{B4B95229-5D0D-4128-9EFA-D7D689BE846C}.Release|Any CPU.ActiveCfg = Release|Any CPU
		{B4B95229-5D0D-4128-9EFA-D7D689BE846C}.Release|Any CPU.Build.0 = Release|Any CPU
		{87144D48-3FAD-4A8C-A6B2-318707A4E9D9}.Debug|Any CPU.ActiveCfg = Debug|Any CPU
		{87144D48-3FAD-4A8C-A6B2-318707A4E9D9}.Debug|Any CPU.Build.0 = Debug|Any CPU
		{87144D48-3FAD-4A8C-A6B2-318707A4E9D9}.Release|Any CPU.ActiveCfg = Release|Any CPU
		{87144D48-3FAD-4A8C-A6B2-318707A4E9D9}.Release|Any CPU.Build.0 = Release|Any CPU
		{6C03F4FD-18A2-4C8E-A860-8A3C06BA86D7}.Debug|Any CPU.ActiveCfg = Debug|Any CPU
		{6C03F4FD-18A2-4C8E-A860-8A3C06BA86D7}.Debug|Any CPU.Build.0 = Debug|Any CPU
		{6C03F4FD-18A2-4C8E-A860-8A3C06BA86D7}.Release|Any CPU.ActiveCfg = Release|Any CPU
		{6C03F4FD-18A2-4C8E-A860-8A3C06BA86D7}.Release|Any CPU.Build.0 = Release|Any CPU
		{6AEA978B-9B07-4743-92D8-3A10C9726DCD}.Debug|Any CPU.ActiveCfg = Debug|Any CPU
		{6AEA978B-9B07-4743-92D8-3A10C9726DCD}.Debug|Any CPU.Build.0 = Debug|Any CPU
		{6AEA978B-9B07-4743-92D8-3A10C9726DCD}.Release|Any CPU.ActiveCfg = Release|Any CPU
		{6AEA978B-9B07-4743-92D8-3A10C9726DCD}.Release|Any CPU.Build.0 = Release|Any CPU
		{B95593A2-9D66-4536-9251-AF8628A4D61C}.Debug|Any CPU.ActiveCfg = Debug|Any CPU
		{B95593A2-9D66-4536-9251-AF8628A4D61C}.Debug|Any CPU.Build.0 = Debug|Any CPU
		{B95593A2-9D66-4536-9251-AF8628A4D61C}.Release|Any CPU.ActiveCfg = Release|Any CPU
		{B95593A2-9D66-4536-9251-AF8628A4D61C}.Release|Any CPU.Build.0 = Release|Any CPU
		{7D86D825-06D8-4205-B6B1-B91AC80DA98F}.Debug|Any CPU.ActiveCfg = Debug|Any CPU
		{7D86D825-06D8-4205-B6B1-B91AC80DA98F}.Debug|Any CPU.Build.0 = Debug|Any CPU
		{7D86D825-06D8-4205-B6B1-B91AC80DA98F}.Release|Any CPU.ActiveCfg = Release|Any CPU
		{7D86D825-06D8-4205-B6B1-B91AC80DA98F}.Release|Any CPU.Build.0 = Release|Any CPU
		{E48AC6FC-AB8A-409F-AF78-B4260259ED0C}.Debug|Any CPU.ActiveCfg = Debug|Any CPU
		{E48AC6FC-AB8A-409F-AF78-B4260259ED0C}.Debug|Any CPU.Build.0 = Debug|Any CPU
		{E48AC6FC-AB8A-409F-AF78-B4260259ED0C}.Release|Any CPU.ActiveCfg = Release|Any CPU
		{E48AC6FC-AB8A-409F-AF78-B4260259ED0C}.Release|Any CPU.Build.0 = Release|Any CPU
		{33B72C00-DCCD-44C4-84CD-FA68FF078C61}.Debug|Any CPU.ActiveCfg = Debug|Any CPU
		{33B72C00-DCCD-44C4-84CD-FA68FF078C61}.Debug|Any CPU.Build.0 = Debug|Any CPU
		{33B72C00-DCCD-44C4-84CD-FA68FF078C61}.Release|Any CPU.ActiveCfg = Release|Any CPU
		{33B72C00-DCCD-44C4-84CD-FA68FF078C61}.Release|Any CPU.Build.0 = Release|Any CPU
	EndGlobalSection
	GlobalSection(SolutionProperties) = preSolution
		HideSolutionNode = FALSE
	EndGlobalSection
	GlobalSection(ExtensibilityGlobals) = postSolution
		SolutionGuid = {78CD939C-C8DA-4003-B2E2-D8DB0F3195AE}
	EndGlobalSection
EndGlobal
